PODS:
  - ReactiveSwift (6.3.0)
  - Realm (5.2.0):
    - Realm/Headers (= 5.2.0)
  - Realm/Headers (5.2.0)
  - RealmSwift (5.2.0):
    - Realm (= 5.2.0)
  - Swinject (2.7.1)

DEPENDENCIES:
  - ReactiveSwift
  - RealmSwift
  - Swinject

SPEC REPOS:
  trunk:
    - ReactiveSwift
    - Realm
    - RealmSwift
    - Swinject

SPEC CHECKSUMS:
  ReactiveSwift: 7937f26ec18d555e2a99352bd0a8b2817d1f042d
  Realm: f749c723e272f08fdf1939af5e61d2bd09b203e8
  RealmSwift: bf0ab78b52c5bafba8b3ad73be8dfb4c1ea5cf01
  Swinject: ddf78b8486dd9b71a667b852cad919ab4484478e

PODFILE CHECKSUM: 5cfec2c3796c0d34348ea5ec0df1aa76e729169a

COCOAPODS: 1.10.1
