// !$*UTF8*$!
{
	archiveVersion = 1;
	classes = {
	};
	objectVersion = 50;
	objects = {

/* Begin PBXBuildFile section */
		4957597526540E7600DF4CED /* PostCardView.swift in Sources */ = {isa = PBXBuildFile; fileRef = 4957597426540E7600DF4CED /* PostCardView.swift */; };
		4957597826540EB600DF4CED /* PostCardView.xib in Resources */ = {isa = PBXBuildFile; fileRef = 4957597726540EB600DF4CED /* PostCardView.xib */; };
		496E20DA26594C4C00EB5824 /* GradientView.swift in Sources */ = {isa = PBXBuildFile; fileRef = 496E20D926594C4C00EB5824 /* GradientView.swift */; };
		496E20DC26594C5E00EB5824 /* RoundedView.swift in Sources */ = {isa = PBXBuildFile; fileRef = 496E20DB26594C5E00EB5824 /* RoundedView.swift */; };
		496E20DE26594C6A00EB5824 /* RoundView.swift in Sources */ = {isa = PBXBuildFile; fileRef = 496E20DD26594C6A00EB5824 /* RoundView.swift */; };
		496E20E026594C7E00EB5824 /* ShadowView.swift in Sources */ = {isa = PBXBuildFile; fileRef = 496E20DF26594C7E00EB5824 /* ShadowView.swift */; };
		496E20E32659592800EB5824 /* Utils.swift in Sources */ = {isa = PBXBuildFile; fileRef = 496E20E22659592800EB5824 /* Utils.swift */; };
		499A8D6E26524202007543E7 /* AppDelegate.swift in Sources */ = {isa = PBXBuildFile; fileRef = 499A8D6D26524202007543E7 /* AppDelegate.swift */; };
		499A8D7226524202007543E7 /* ViewController.swift in Sources */ = {isa = PBXBuildFile; fileRef = 499A8D7126524202007543E7 /* ViewController.swift */; };
		499A8D7526524202007543E7 /* Main.storyboard in Resources */ = {isa = PBXBuildFile; fileRef = 499A8D7326524202007543E7 /* Main.storyboard */; };
		499A8D7726524203007543E7 /* Assets.xcassets in Resources */ = {isa = PBXBuildFile; fileRef = 499A8D7626524203007543E7 /* Assets.xcassets */; };
		499A8D7A26524203007543E7 /* LaunchScreen.storyboard in Resources */ = {isa = PBXBuildFile; fileRef = 499A8D7826524203007543E7 /* LaunchScreen.storyboard */; };
		49F05167265D59640069C1DB /* AuthScreenViewController.xib in Resources */ = {isa = PBXBuildFile; fileRef = 49F05166265D59640069C1DB /* AuthScreenViewController.xib */; };
		49F05169265D59C30069C1DB /* AuthScreenViewController.swift in Sources */ = {isa = PBXBuildFile; fileRef = 49F05168265D59C30069C1DB /* AuthScreenViewController.swift */; };
		49F0516D265D61B20069C1DB /* PostListViewController.swift in Sources */ = {isa = PBXBuildFile; fileRef = 49F0516B265D61B20069C1DB /* PostListViewController.swift */; };
		49F0516E265D61B20069C1DB /* PostListViewController.xib in Resources */ = {isa = PBXBuildFile; fileRef = 49F0516C265D61B20069C1DB /* PostListViewController.xib */; };
		49F05172265D64E70069C1DB /* PostViewController.swift in Sources */ = {isa = PBXBuildFile; fileRef = 49F05170265D64E70069C1DB /* PostViewController.swift */; };
		49F05173265D64E70069C1DB /* PostViewController.xib in Resources */ = {isa = PBXBuildFile; fileRef = 49F05171265D64E70069C1DB /* PostViewController.xib */; };
/* End PBXBuildFile section */

/* Begin PBXFileReference section */
		4957597426540E7600DF4CED /* PostCardView.swift */ = {isa = PBXFileReference; lastKnownFileType = sourcecode.swift; path = PostCardView.swift; sourceTree = "<group>"; };
		4957597726540EB600DF4CED /* PostCardView.xib */ = {isa = PBXFileReference; lastKnownFileType = file.xib; path = PostCardView.xib; sourceTree = "<group>"; };
		496E20D926594C4C00EB5824 /* GradientView.swift */ = {isa = PBXFileReference; lastKnownFileType = sourcecode.swift; path = GradientView.swift; sourceTree = "<group>"; };
		496E20DB26594C5E00EB5824 /* RoundedView.swift */ = {isa = PBXFileReference; lastKnownFileType = sourcecode.swift; path = RoundedView.swift; sourceTree = "<group>"; };
		496E20DD26594C6A00EB5824 /* RoundView.swift */ = {isa = PBXFileReference; lastKnownFileType = sourcecode.swift; path = RoundView.swift; sourceTree = "<group>"; };
		496E20DF26594C7E00EB5824 /* ShadowView.swift */ = {isa = PBXFileReference; lastKnownFileType = sourcecode.swift; path = ShadowView.swift; sourceTree = "<group>"; };
		496E20E22659592800EB5824 /* Utils.swift */ = {isa = PBXFileReference; lastKnownFileType = sourcecode.swift; path = Utils.swift; sourceTree = "<group>"; };
		499A8D6A26524202007543E7 /* iOSCourse.app */ = {isa = PBXFileReference; explicitFileType = wrapper.application; includeInIndex = 0; path = iOSCourse.app; sourceTree = BUILT_PRODUCTS_DIR; };
		499A8D6D26524202007543E7 /* AppDelegate.swift */ = {isa = PBXFileReference; lastKnownFileType = sourcecode.swift; path = AppDelegate.swift; sourceTree = "<group>"; };
		499A8D7126524202007543E7 /* ViewController.swift */ = {isa = PBXFileReference; lastKnownFileType = sourcecode.swift; path = ViewController.swift; sourceTree = "<group>"; };
		499A8D7426524202007543E7 /* Base */ = {isa = PBXFileReference; lastKnownFileType = file.storyboard; name = Base; path = Base.lproj/Main.storyboard; sourceTree = "<group>"; };
		499A8D7626524203007543E7 /* Assets.xcassets */ = {isa = PBXFileReference; lastKnownFileType = folder.assetcatalog; path = Assets.xcassets; sourceTree = "<group>"; };
		499A8D7926524203007543E7 /* Base */ = {isa = PBXFileReference; lastKnownFileType = file.storyboard; name = Base; path = Base.lproj/LaunchScreen.storyboard; sourceTree = "<group>"; };
		499A8D7B26524203007543E7 /* Info.plist */ = {isa = PBXFileReference; lastKnownFileType = text.plist.xml; path = Info.plist; sourceTree = "<group>"; };
		49F05166265D59640069C1DB /* AuthScreenViewController.xib */ = {isa = PBXFileReference; lastKnownFileType = file.xib; path = AuthScreenViewController.xib; sourceTree = "<group>"; };
		49F05168265D59C30069C1DB /* AuthScreenViewController.swift */ = {isa = PBXFileReference; lastKnownFileType = sourcecode.swift; path = AuthScreenViewController.swift; sourceTree = "<group>"; };
		49F0516B265D61B20069C1DB /* PostListViewController.swift */ = {isa = PBXFileReference; lastKnownFileType = sourcecode.swift; path = PostListViewController.swift; sourceTree = "<group>"; };
		49F0516C265D61B20069C1DB /* PostListViewController.xib */ = {isa = PBXFileReference; lastKnownFileType = file.xib; path = PostListViewController.xib; sourceTree = "<group>"; };
		49F05170265D64E70069C1DB /* PostViewController.swift */ = {isa = PBXFileReference; lastKnownFileType = sourcecode.swift; path = PostViewController.swift; sourceTree = "<group>"; };
		49F05171265D64E70069C1DB /* PostViewController.xib */ = {isa = PBXFileReference; lastKnownFileType = file.xib; path = PostViewController.xib; sourceTree = "<group>"; };
/* End PBXFileReference section */

/* Begin PBXFrameworksBuildPhase section */
		499A8D6726524202007543E7 /* Frameworks */ = {
			isa = PBXFrameworksBuildPhase;
			buildActionMask = 2147483647;
			files = (
			);
			runOnlyForDeploymentPostprocessing = 0;
		};
/* End PBXFrameworksBuildPhase section */

/* Begin PBXGroup section */
		4957597326540D7100DF4CED /* Components */ = {
			isa = PBXGroup;
			children = (
				4957597626540E8500DF4CED /* PostCardView */,
			);
			path = Components;
			sourceTree = "<group>";
		};
		4957597626540E8500DF4CED /* PostCardView */ = {
			isa = PBXGroup;
			children = (
				4957597426540E7600DF4CED /* PostCardView.swift */,
				4957597726540EB600DF4CED /* PostCardView.xib */,
			);
			path = PostCardView;
			sourceTree = "<group>";
		};
		496E20D726594BF000EB5824 /* Helpers */ = {
			isa = PBXGroup;
			children = (
				496E20E12659590A00EB5824 /* XIB */,
				496E20D826594BFA00EB5824 /* UI */,
			);
			path = Helpers;
			sourceTree = "<group>";
		};
		496E20D826594BFA00EB5824 /* UI */ = {
			isa = PBXGroup;
			children = (
				496E20D926594C4C00EB5824 /* GradientView.swift */,
				496E20DB26594C5E00EB5824 /* RoundedView.swift */,
				496E20DD26594C6A00EB5824 /* RoundView.swift */,
				496E20DF26594C7E00EB5824 /* ShadowView.swift */,
			);
			path = UI;
			sourceTree = "<group>";
		};
		496E20E12659590A00EB5824 /* XIB */ = {
			isa = PBXGroup;
			children = (
				496E20E22659592800EB5824 /* Utils.swift */,
			);
			path = XIB;
			sourceTree = "<group>";
		};
		499A8D6126524202007543E7 = {
			isa = PBXGroup;
			children = (
				499A8D6C26524202007543E7 /* iOSCourse */,
				499A8D6B26524202007543E7 /* Products */,
			);
			sourceTree = "<group>";
		};
		499A8D6B26524202007543E7 /* Products */ = {
			isa = PBXGroup;
			children = (
				499A8D6A26524202007543E7 /* iOSCourse.app */,
			);
			name = Products;
			sourceTree = "<group>";
		};
		499A8D6C26524202007543E7 /* iOSCourse */ = {
			isa = PBXGroup;
			children = (
				49F05164265D591C0069C1DB /* Screens */,
				496E20D726594BF000EB5824 /* Helpers */,
				4957597326540D7100DF4CED /* Components */,
				499A8D6D26524202007543E7 /* AppDelegate.swift */,
				499A8D7126524202007543E7 /* ViewController.swift */,
				499A8D7326524202007543E7 /* Main.storyboard */,
				499A8D7626524203007543E7 /* Assets.xcassets */,
				499A8D7826524203007543E7 /* LaunchScreen.storyboard */,
				499A8D7B26524203007543E7 /* Info.plist */,
			);
			path = iOSCourse;
			sourceTree = "<group>";
		};
		49F05164265D591C0069C1DB /* Screens */ = {
			isa = PBXGroup;
			children = (
				49F0516F265D64CE0069C1DB /* Post */,
				49F0516A265D616E0069C1DB /* PostList */,
				49F05165265D592E0069C1DB /* Auth */,
			);
			path = Screens;
			sourceTree = "<group>";
		};
		49F05165265D592E0069C1DB /* Auth */ = {
			isa = PBXGroup;
			children = (
				49F05166265D59640069C1DB /* AuthScreenViewController.xib */,
				49F05168265D59C30069C1DB /* AuthScreenViewController.swift */,
			);
			path = Auth;
			sourceTree = "<group>";
		};
		49F0516A265D616E0069C1DB /* PostList */ = {
			isa = PBXGroup;
			children = (
				49F0516B265D61B20069C1DB /* PostListViewController.swift */,
				49F0516C265D61B20069C1DB /* PostListViewController.xib */,
			);
			path = PostList;
			sourceTree = "<group>";
		};
		49F0516F265D64CE0069C1DB /* Post */ = {
			isa = PBXGroup;
			children = (
				49F05170265D64E70069C1DB /* PostViewController.swift */,
				49F05171265D64E70069C1DB /* PostViewController.xib */,
			);
			path = Post;
			sourceTree = "<group>";
		};
/* End PBXGroup section */

/* Begin PBXNativeTarget section */
		499A8D6926524202007543E7 /* iOSCourse */ = {
			isa = PBXNativeTarget;
			buildConfigurationList = 499A8D7E26524203007543E7 /* Build configuration list for PBXNativeTarget "iOSCourse" */;
			buildPhases = (
				499A8D6626524202007543E7 /* Sources */,
				499A8D6726524202007543E7 /* Frameworks */,
				499A8D6826524202007543E7 /* Resources */,
			);
			buildRules = (
			);
			dependencies = (
			);
			name = iOSCourse;
			productName = iOSCourse;
			productReference = 499A8D6A26524202007543E7 /* iOSCourse.app */;
			productType = "com.apple.product-type.application";
		};
/* End PBXNativeTarget section */

/* Begin PBXProject section */
		499A8D6226524202007543E7 /* Project object */ = {
			isa = PBXProject;
			attributes = {
				LastSwiftUpdateCheck = 1130;
				LastUpgradeCheck = 1130;
				ORGANIZATIONNAME = "Андрей Антонов";
				TargetAttributes = {
					499A8D6926524202007543E7 = {
						CreatedOnToolsVersion = 11.3.1;
					};
				};
			};
			buildConfigurationList = 499A8D6526524202007543E7 /* Build configuration list for PBXProject "iOSCourse" */;
			compatibilityVersion = "Xcode 9.3";
			developmentRegion = en;
			hasScannedForEncodings = 0;
			knownRegions = (
				en,
				Base,
			);
			mainGroup = 499A8D6126524202007543E7;
			productRefGroup = 499A8D6B26524202007543E7 /* Products */;
			projectDirPath = "";
			projectRoot = "";
			targets = (
				499A8D6926524202007543E7 /* iOSCourse */,
			);
		};
/* End PBXProject section */

/* Begin PBXResourcesBuildPhase section */
		499A8D6826524202007543E7 /* Resources */ = {
			isa = PBXResourcesBuildPhase;
			buildActionMask = 2147483647;
			files = (
				4957597826540EB600DF4CED /* PostCardView.xib in Resources */,
				499A8D7A26524203007543E7 /* LaunchScreen.storyboard in Resources */,
				49F0516E265D61B20069C1DB /* PostListViewController.xib in Resources */,
				49F05167265D59640069C1DB /* AuthScreenViewController.xib in Resources */,
				499A8D7726524203007543E7 /* Assets.xcassets in Resources */,
				499A8D7526524202007543E7 /* Main.storyboard in Resources */,
				49F05173265D64E70069C1DB /* PostViewController.xib in Resources */,
			);
			runOnlyForDeploymentPostprocessing = 0;
		};
/* End PBXResourcesBuildPhase section */

/* Begin PBXSourcesBuildPhase section */
		499A8D6626524202007543E7 /* Sources */ = {
			isa = PBXSourcesBuildPhase;
			buildActionMask = 2147483647;
			files = (
				4957597526540E7600DF4CED /* PostCardView.swift in Sources */,
				496E20DE26594C6A00EB5824 /* RoundView.swift in Sources */,
				49F05169265D59C30069C1DB /* AuthScreenViewController.swift in Sources */,
				499A8D7226524202007543E7 /* ViewController.swift in Sources */,
				49F0516D265D61B20069C1DB /* PostListViewController.swift in Sources */,
				496E20DA26594C4C00EB5824 /* GradientView.swift in Sources */,
				496E20DC26594C5E00EB5824 /* RoundedView.swift in Sources */,
				499A8D6E26524202007543E7 /* AppDelegate.swift in Sources */,
				496E20E026594C7E00EB5824 /* ShadowView.swift in Sources */,
				496E20E32659592800EB5824 /* Utils.swift in Sources */,
				49F05172265D64E70069C1DB /* PostViewController.swift in Sources */,
			);
			runOnlyForDeploymentPostprocessing = 0;
		};
/* End PBXSourcesBuildPhase section */

/* Begin PBXVariantGroup section */
		499A8D7326524202007543E7 /* Main.storyboard */ = {
			isa = PBXVariantGroup;
			children = (
				499A8D7426524202007543E7 /* Base */,
			);
			name = Main.storyboard;
			sourceTree = "<group>";
		};
		499A8D7826524203007543E7 /* LaunchScreen.storyboard */ = {
			isa = PBXVariantGroup;
			children = (
				499A8D7926524203007543E7 /* Base */,
			);
			name = LaunchScreen.storyboard;
			sourceTree = "<group>";
		};
/* End PBXVariantGroup section */

/* Begin XCBuildConfiguration section */
		499A8D7C26524203007543E7 /* Debug */ = {
			isa = XCBuildConfiguration;
			buildSettings = {
				ALWAYS_SEARCH_USER_PATHS = NO;
				CLANG_ANALYZER_NONNULL = YES;
				CLANG_ANALYZER_NUMBER_OBJECT_CONVERSION = YES_AGGRESSIVE;
				CLANG_CXX_LANGUAGE_STANDARD = "gnu++14";
				CLANG_CXX_LIBRARY = "libc++";
				CLANG_ENABLE_MODULES = YES;
				CLANG_ENABLE_OBJC_ARC = YES;
				CLANG_ENABLE_OBJC_WEAK = YES;
				CLANG_WARN_BLOCK_CAPTURE_AUTORELEASING = YES;
				CLANG_WARN_BOOL_CONVERSION = YES;
				CLANG_WARN_COMMA = YES;
				CLANG_WARN_CONSTANT_CONVERSION = YES;
				CLANG_WARN_DEPRECATED_OBJC_IMPLEMENTATIONS = YES;
				CLANG_WARN_DIRECT_OBJC_ISA_USAGE = YES_ERROR;
				CLANG_WARN_DOCUMENTATION_COMMENTS = YES;
				CLANG_WARN_EMPTY_BODY = YES;
				CLANG_WARN_ENUM_CONVERSION = YES;
				CLANG_WARN_INFINITE_RECURSION = YES;
				CLANG_WARN_INT_CONVERSION = YES;
				CLANG_WARN_NON_LITERAL_NULL_CONVERSION = YES;
				CLANG_WARN_OBJC_IMPLICIT_RETAIN_SELF = YES;
				CLANG_WARN_OBJC_LITERAL_CONVERSION = YES;
				CLANG_WARN_OBJC_ROOT_CLASS = YES_ERROR;
				CLANG_WARN_RANGE_LOOP_ANALYSIS = YES;
				CLANG_WARN_STRICT_PROTOTYPES = YES;
				CLANG_WARN_SUSPICIOUS_MOVE = YES;
				CLANG_WARN_UNGUARDED_AVAILABILITY = YES_AGGRESSIVE;
				CLANG_WARN_UNREACHABLE_CODE = YES;
				CLANG_WARN__DUPLICATE_METHOD_MATCH = YES;
				COPY_PHASE_STRIP = NO;
				DEBUG_INFORMATION_FORMAT = dwarf;
				ENABLE_STRICT_OBJC_MSGSEND = YES;
				ENABLE_TESTABILITY = YES;
				GCC_C_LANGUAGE_STANDARD = gnu11;
				GCC_DYNAMIC_NO_PIC = NO;
				GCC_NO_COMMON_BLOCKS = YES;
				GCC_OPTIMIZATION_LEVEL = 0;
				GCC_PREPROCESSOR_DEFINITIONS = (
					"DEBUG=1",
					"$(inherited)",
				);
				GCC_WARN_64_TO_32_BIT_CONVERSION = YES;
				GCC_WARN_ABOUT_RETURN_TYPE = YES_ERROR;
				GCC_WARN_UNDECLARED_SELECTOR = YES;
				GCC_WARN_UNINITIALIZED_AUTOS = YES_AGGRESSIVE;
				GCC_WARN_UNUSED_FUNCTION = YES;
				GCC_WARN_UNUSED_VARIABLE = YES;
				IPHONEOS_DEPLOYMENT_TARGET = 13.2;
				MTL_ENABLE_DEBUG_INFO = INCLUDE_SOURCE;
				MTL_FAST_MATH = YES;
				ONLY_ACTIVE_ARCH = YES;
				SDKROOT = iphoneos;
				SWIFT_ACTIVE_COMPILATION_CONDITIONS = DEBUG;
				SWIFT_OPTIMIZATION_LEVEL = "-Onone";
			};
			name = Debug;
		};
		499A8D7D26524203007543E7 /* Release */ = {
			isa = XCBuildConfiguration;
			buildSettings = {
				ALWAYS_SEARCH_USER_PATHS = NO;
				CLANG_ANALYZER_NONNULL = YES;
				CLANG_ANALYZER_NUMBER_OBJECT_CONVERSION = YES_AGGRESSIVE;
				CLANG_CXX_LANGUAGE_STANDARD = "gnu++14";
				CLANG_CXX_LIBRARY = "libc++";
				CLANG_ENABLE_MODULES = YES;
				CLANG_ENABLE_OBJC_ARC = YES;
				CLANG_ENABLE_OBJC_WEAK = YES;
				CLANG_WARN_BLOCK_CAPTURE_AUTORELEASING = YES;
				CLANG_WARN_BOOL_CONVERSION = YES;
				CLANG_WARN_COMMA = YES;
				CLANG_WARN_CONSTANT_CONVERSION = YES;
				CLANG_WARN_DEPRECATED_OBJC_IMPLEMENTATIONS = YES;
				CLANG_WARN_DIRECT_OBJC_ISA_USAGE = YES_ERROR;
				CLANG_WARN_DOCUMENTATION_COMMENTS = YES;
				CLANG_WARN_EMPTY_BODY = YES;
				CLANG_WARN_ENUM_CONVERSION = YES;
				CLANG_WARN_INFINITE_RECURSION = YES;
				CLANG_WARN_INT_CONVERSION = YES;
				CLANG_WARN_NON_LITERAL_NULL_CONVERSION = YES;
				CLANG_WARN_OBJC_IMPLICIT_RETAIN_SELF = YES;
				CLANG_WARN_OBJC_LITERAL_CONVERSION = YES;
				CLANG_WARN_OBJC_ROOT_CLASS = YES_ERROR;
				CLANG_WARN_RANGE_LOOP_ANALYSIS = YES;
				CLANG_WARN_STRICT_PROTOTYPES = YES;
				CLANG_WARN_SUSPICIOUS_MOVE = YES;
				CLANG_WARN_UNGUARDED_AVAILABILITY = YES_AGGRESSIVE;
				CLANG_WARN_UNREACHABLE_CODE = YES;
				CLANG_WARN__DUPLICATE_METHOD_MATCH = YES;
				COPY_PHASE_STRIP = NO;
				DEBUG_INFORMATION_FORMAT = "dwarf-with-dsym";
				ENABLE_NS_ASSERTIONS = NO;
				ENABLE_STRICT_OBJC_MSGSEND = YES;
				GCC_C_LANGUAGE_STANDARD = gnu11;
				GCC_NO_COMMON_BLOCKS = YES;
				GCC_WARN_64_TO_32_BIT_CONVERSION = YES;
				GCC_WARN_ABOUT_RETURN_TYPE = YES_ERROR;
				GCC_WARN_UNDECLARED_SELECTOR = YES;
				GCC_WARN_UNINITIALIZED_AUTOS = YES_AGGRESSIVE;
				GCC_WARN_UNUSED_FUNCTION = YES;
				GCC_WARN_UNUSED_VARIABLE = YES;
				IPHONEOS_DEPLOYMENT_TARGET = 13.2;
				MTL_ENABLE_DEBUG_INFO = NO;
				MTL_FAST_MATH = YES;
				SDKROOT = iphoneos;
				SWIFT_COMPILATION_MODE = wholemodule;
				SWIFT_OPTIMIZATION_LEVEL = "-O";
				VALIDATE_PRODUCT = YES;
			};
			name = Release;
		};
		499A8D7F26524203007543E7 /* Debug */ = {
			isa = XCBuildConfiguration;
			buildSettings = {
				ASSETCATALOG_COMPILER_APPICON_NAME = AppIcon;
				CODE_SIGN_STYLE = Automatic;
				DEVELOPMENT_TEAM = QCC6Z94742;
				INFOPLIST_FILE = iOSCourse/Info.plist;
				IPHONEOS_DEPLOYMENT_TARGET = 12.0;
				LD_RUNPATH_SEARCH_PATHS = (
					"$(inherited)",
					"@executable_path/Frameworks",
				);
				PRODUCT_BUNDLE_IDENTIFIER = info.goodline.iOSCourse;
				PRODUCT_NAME = "$(TARGET_NAME)";
				SWIFT_VERSION = 5.0;
				TARGETED_DEVICE_FAMILY = "1,2";
			};
			name = Debug;
		};
		499A8D8026524203007543E7 /* Release */ = {
			isa = XCBuildConfiguration;
			buildSettings = {
				ASSETCATALOG_COMPILER_APPICON_NAME = AppIcon;
				CODE_SIGN_STYLE = Automatic;
				DEVELOPMENT_TEAM = QCC6Z94742;
				INFOPLIST_FILE = iOSCourse/Info.plist;
				IPHONEOS_DEPLOYMENT_TARGET = 12.0;
				LD_RUNPATH_SEARCH_PATHS = (
					"$(inherited)",
					"@executable_path/Frameworks",
				);
				PRODUCT_BUNDLE_IDENTIFIER = info.goodline.iOSCourse;
				PRODUCT_NAME = "$(TARGET_NAME)";
				SWIFT_VERSION = 5.0;
				TARGETED_DEVICE_FAMILY = "1,2";
			};
			name = Release;
		};
/* End XCBuildConfiguration section */

/* Begin XCConfigurationList section */
		499A8D6526524202007543E7 /* Build configuration list for PBXProject "iOSCourse" */ = {
			isa = XCConfigurationList;
			buildConfigurations = (
				499A8D7C26524203007543E7 /* Debug */,
				499A8D7D26524203007543E7 /* Release */,
			);
			defaultConfigurationIsVisible = 0;
			defaultConfigurationName = Release;
		};
		499A8D7E26524203007543E7 /* Build configuration list for PBXNativeTarget "iOSCourse" */ = {
			isa = XCConfigurationList;
			buildConfigurations = (
				499A8D7F26524203007543E7 /* Debug */,
				499A8D8026524203007543E7 /* Release */,
			);
			defaultConfigurationIsVisible = 0;
			defaultConfigurationName = Release;
		};
/* End XCConfigurationList section */
	};
	rootObject = 499A8D6226524202007543E7 /* Project object */;
}
